
Microsoft Visual Studio Solution File, Format Version 12.00
# Visual Studio Version 16
VisualStudioVersion = 16.0.30204.135
MinimumVisualStudioVersion = 10.0.40219.1
Project("{888888A0-9F3D-457C-B088-3A5042F75D52}") = "lecturecsv", "lecturecsv.pyproj", "{0A755C5E-1232-4C5C-9ECA-297D6475F45D}"
EndProject
Global
	GlobalSection(SolutionConfigurationPlatforms) = preSolution
		Debug|Any CPU = Debug|Any CPU
		Release|Any CPU = Release|Any CPU
	EndGlobalSection
	GlobalSection(ProjectConfigurationPlatforms) = postSolution
		{0A755C5E-1232-4C5C-9ECA-297D6475F45D}.Debug|Any CPU.ActiveCfg = Debug|Any CPU
		{0A755C5E-1232-4C5C-9ECA-297D6475F45D}.Release|Any CPU.ActiveCfg = Release|Any CPU
	EndGlobalSection
	GlobalSection(SolutionProperties) = preSolution
		HideSolutionNode = FALSE
	EndGlobalSection
	GlobalSection(ExtensibilityGlobals) = postSolution
		SolutionGuid = {BF98C398-C789-427F-8A9D-C4F4587F425D}
	EndGlobalSection
EndGlobal
